
Microsoft Visual Studio Solution File, Format Version 12.00
# Visual Studio Version 17
VisualStudioVersion = 17.4.33403.182
MinimumVisualStudioVersion = 10.0.40219.1
Project("{FAE04EC0-301F-11D3-BF4B-00C04F79EFBC}") = "Wietse_Agenda_Tryout", "Wietse_Agenda_Tryout\Wietse_Agenda_Tryout.csproj", "{790BF6D3-A11C-478A-9D1E-BB128B2EDAA0}"
EndProject
Global
	GlobalSection(SolutionConfigurationPlatforms) = preSolution
		Debug|Any CPU = Debug|Any CPU
		Release|Any CPU = Release|Any CPU
	EndGlobalSection
	GlobalSection(ProjectConfigurationPlatforms) = postSolution
		{790BF6D3-A11C-478A-9D1E-BB128B2EDAA0}.Debug|Any CPU.ActiveCfg = Debug|Any CPU
		{790BF6D3-A11C-478A-9D1E-BB128B2EDAA0}.Debug|Any CPU.Build.0 = Debug|Any CPU
		{790BF6D3-A11C-478A-9D1E-BB128B2EDAA0}.Release|Any CPU.ActiveCfg = Release|Any CPU
		{790BF6D3-A11C-478A-9D1E-BB128B2EDAA0}.Release|Any CPU.Build.0 = Release|Any CPU
	EndGlobalSection
	GlobalSection(SolutionProperties) = preSolution
		HideSolutionNode = FALSE
	EndGlobalSection
	GlobalSection(ExtensibilityGlobals) = postSolution
		SolutionGuid = {98D121B9-C2BF-4EF1-8252-829DCB4A0528}
	EndGlobalSection
EndGlobal
