
Microsoft Visual Studio Solution File, Format Version 12.00
# Visual Studio Version 17
VisualStudioVersion = 17.4.33403.182
MinimumVisualStudioVersion = 10.0.40219.1
Project("{FAE04EC0-301F-11D3-BF4B-00C04F79EFBC}") = "Toepassing19-Ilist", "Toepassing19-Ilist\Toepassing19-Ilist.csproj", "{32012526-4E8D-4533-AAA1-5EE4505BBDCB}"
EndProject
Global
	GlobalSection(SolutionConfigurationPlatforms) = preSolution
		Debug|Any CPU = Debug|Any CPU
		Release|Any CPU = Release|Any CPU
	EndGlobalSection
	GlobalSection(ProjectConfigurationPlatforms) = postSolution
		{32012526-4E8D-4533-AAA1-5EE4505BBDCB}.Debug|Any CPU.ActiveCfg = Debug|Any CPU
		{32012526-4E8D-4533-AAA1-5EE4505BBDCB}.Debug|Any CPU.Build.0 = Debug|Any CPU
		{32012526-4E8D-4533-AAA1-5EE4505BBDCB}.Release|Any CPU.ActiveCfg = Release|Any CPU
		{32012526-4E8D-4533-AAA1-5EE4505BBDCB}.Release|Any CPU.Build.0 = Release|Any CPU
	EndGlobalSection
	GlobalSection(SolutionProperties) = preSolution
		HideSolutionNode = FALSE
	EndGlobalSection
	GlobalSection(ExtensibilityGlobals) = postSolution
		SolutionGuid = {B14E2790-2FC9-41B6-B015-2D82B7C12D41}
	EndGlobalSection
EndGlobal
