
Microsoft Visual Studio Solution File, Format Version 12.00
# Visual Studio Version 17
VisualStudioVersion = 17.4.33403.182
MinimumVisualStudioVersion = 10.0.40219.1
Project("{FAE04EC0-301F-11D3-BF4B-00C04F79EFBC}") = "WpfTeam02", "WpfTeam02\WpfTeam02.csproj", "{A6FC0010-11B5-42C7-808F-FEC29F772866}"
EndProject
Project("{FAE04EC0-301F-11D3-BF4B-00C04F79EFBC}") = "ClassLibTeam02", "ClassLibTeam02\ClassLibTeam02.csproj", "{DEACFD9B-87C7-4313-A80F-6F9786AF26A4}"
EndProject
Project("{FAE04EC0-301F-11D3-BF4B-00C04F79EFBC}") = "WebApiTeam02", "WebApiTeam02\WebApiTeam02.csproj", "{757F7D64-F476-4B7C-911E-8337576E2448}"
EndProject
Global
	GlobalSection(SolutionConfigurationPlatforms) = preSolution
		Debug|Any CPU = Debug|Any CPU
		Release|Any CPU = Release|Any CPU
	EndGlobalSection
	GlobalSection(ProjectConfigurationPlatforms) = postSolution
		{A6FC0010-11B5-42C7-808F-FEC29F772866}.Debug|Any CPU.ActiveCfg = Debug|Any CPU
		{A6FC0010-11B5-42C7-808F-FEC29F772866}.Debug|Any CPU.Build.0 = Debug|Any CPU
		{A6FC0010-11B5-42C7-808F-FEC29F772866}.Release|Any CPU.ActiveCfg = Release|Any CPU
		{A6FC0010-11B5-42C7-808F-FEC29F772866}.Release|Any CPU.Build.0 = Release|Any CPU
		{DEACFD9B-87C7-4313-A80F-6F9786AF26A4}.Debug|Any CPU.ActiveCfg = Debug|Any CPU
		{DEACFD9B-87C7-4313-A80F-6F9786AF26A4}.Debug|Any CPU.Build.0 = Debug|Any CPU
		{DEACFD9B-87C7-4313-A80F-6F9786AF26A4}.Release|Any CPU.ActiveCfg = Release|Any CPU
		{DEACFD9B-87C7-4313-A80F-6F9786AF26A4}.Release|Any CPU.Build.0 = Release|Any CPU
		{757F7D64-F476-4B7C-911E-8337576E2448}.Debug|Any CPU.ActiveCfg = Debug|Any CPU
		{757F7D64-F476-4B7C-911E-8337576E2448}.Debug|Any CPU.Build.0 = Debug|Any CPU
		{757F7D64-F476-4B7C-911E-8337576E2448}.Release|Any CPU.ActiveCfg = Release|Any CPU
		{757F7D64-F476-4B7C-911E-8337576E2448}.Release|Any CPU.Build.0 = Release|Any CPU
	EndGlobalSection
	GlobalSection(SolutionProperties) = preSolution
		HideSolutionNode = FALSE
	EndGlobalSection
	GlobalSection(ExtensibilityGlobals) = postSolution
		SolutionGuid = {74FB00B0-620F-45B5-877C-EAB908FBC094}
	EndGlobalSection
EndGlobal
