
Microsoft Visual Studio Solution File, Format Version 12.00
# Visual Studio Version 17
VisualStudioVersion = 17.5.33627.172
MinimumVisualStudioVersion = 10.0.40219.1
Project("{FAE04EC0-301F-11D3-BF4B-00C04F79EFBC}") = "AnimationTryout", "AnimationTryout\AnimationTryout.csproj", "{698035BE-266E-471A-B28E-6E937F728EC8}"
EndProject
Project("{FAE04EC0-301F-11D3-BF4B-00C04F79EFBC}") = "ClassLibAnimation", "ClassLibAnimation\ClassLibAnimation.csproj", "{2F620575-535A-4AE2-ABFF-AF44CBB44B64}"
EndProject
Global
	GlobalSection(SolutionConfigurationPlatforms) = preSolution
		Debug|Any CPU = Debug|Any CPU
		Release|Any CPU = Release|Any CPU
	EndGlobalSection
	GlobalSection(ProjectConfigurationPlatforms) = postSolution
		{698035BE-266E-471A-B28E-6E937F728EC8}.Debug|Any CPU.ActiveCfg = Debug|Any CPU
		{698035BE-266E-471A-B28E-6E937F728EC8}.Debug|Any CPU.Build.0 = Debug|Any CPU
		{698035BE-266E-471A-B28E-6E937F728EC8}.Release|Any CPU.ActiveCfg = Release|Any CPU
		{698035BE-266E-471A-B28E-6E937F728EC8}.Release|Any CPU.Build.0 = Release|Any CPU
		{2F620575-535A-4AE2-ABFF-AF44CBB44B64}.Debug|Any CPU.ActiveCfg = Debug|Any CPU
		{2F620575-535A-4AE2-ABFF-AF44CBB44B64}.Debug|Any CPU.Build.0 = Debug|Any CPU
		{2F620575-535A-4AE2-ABFF-AF44CBB44B64}.Release|Any CPU.ActiveCfg = Release|Any CPU
		{2F620575-535A-4AE2-ABFF-AF44CBB44B64}.Release|Any CPU.Build.0 = Release|Any CPU
	EndGlobalSection
	GlobalSection(SolutionProperties) = preSolution
		HideSolutionNode = FALSE
	EndGlobalSection
	GlobalSection(ExtensibilityGlobals) = postSolution
		SolutionGuid = {D218D16B-285E-4C56-A45C-68C185765A1B}
	EndGlobalSection
EndGlobal
